
Microsoft Visual Studio Solution File, Format Version 12.00
# Visual Studio 15
VisualStudioVersion = 15.0.28307.1300
MinimumVisualStudioVersion = 10.0.40219.1
Project("{159641D6-6404-4A2A-AE62-294DE0FE8301}") = "WiseOwlSSIS", "WiseOwlSSIS\WiseOwlSSIS.dtproj", "{481631BD-E4FC-4851-8629-C1BF36EE3C27}"
EndProject
Global
	GlobalSection(SolutionConfigurationPlatforms) = preSolution
		Development|Default = Development|Default
	EndGlobalSection
	GlobalSection(ProjectConfigurationPlatforms) = postSolution
		{481631BD-E4FC-4851-8629-C1BF36EE3C27}.Development|Default.ActiveCfg = Development
		{481631BD-E4FC-4851-8629-C1BF36EE3C27}.Development|Default.Build.0 = Development
	EndGlobalSection
	GlobalSection(SolutionProperties) = preSolution
		HideSolutionNode = FALSE
	EndGlobalSection
	GlobalSection(ExtensibilityGlobals) = postSolution
		SolutionGuid = {76E0CE58-7C97-4FA7-9D25-671803680347}
	EndGlobalSection
EndGlobal
